
Microsoft Visual Studio Solution File, Format Version 12.00
# Visual Studio 15
VisualStudioVersion = 15.0.27428.2002
MinimumVisualStudioVersion = 10.0.40219.1
Project("{FAE04EC0-301F-11D3-BF4B-00C04F79EFBC}") = "Studfile", "Studfile\Studfile.csproj", "{56A22D81-7EAB-4F6B-8A6A-7381DA797941}"
EndProject
Global
	GlobalSection(SolutionConfigurationPlatforms) = preSolution
		Debug|Any CPU = Debug|Any CPU
		Release|Any CPU = Release|Any CPU
	EndGlobalSection
	GlobalSection(ProjectConfigurationPlatforms) = postSolution
		{56A22D81-7EAB-4F6B-8A6A-7381DA797941}.Debug|Any CPU.ActiveCfg = Debug|Any CPU
		{56A22D81-7EAB-4F6B-8A6A-7381DA797941}.Debug|Any CPU.Build.0 = Debug|Any CPU
		{56A22D81-7EAB-4F6B-8A6A-7381DA797941}.Release|Any CPU.ActiveCfg = Release|Any CPU
		{56A22D81-7EAB-4F6B-8A6A-7381DA797941}.Release|Any CPU.Build.0 = Release|Any CPU
	EndGlobalSection
	GlobalSection(SolutionProperties) = preSolution
		HideSolutionNode = FALSE
	EndGlobalSection
	GlobalSection(ExtensibilityGlobals) = postSolution
		SolutionGuid = {396CD7E6-D8FF-450C-B36C-DF72D133A32F}
	EndGlobalSection
EndGlobal
